{
  "name": "react-components",
  "version": "1.0.0",
  "lockfileVersion": 1,
  "requires": true,
  "dependencies": {
    "@babel/runtime": {
      "version": "7.11.2",
      "resolved": "https://registry.npmjs.org/@babel/runtime/-/runtime-7.11.2.tgz",
      "integrity": "sha512-TeWkU52so0mPtDcaCTxNBI/IHiz0pZgr8VEFqXFtZWpYD08ZB6FaSwVAS8MKRQAP3bYKiVjwysOJgMFY28o6Tw==",
      "requires": {
        "regenerator-runtime": "^0.13.4"
      }
    },
    "avalanche-css": {
      "version": "1.3.1",
      "resolved": "https://registry.npmjs.org/avalanche-css/-/avalanche-css-1.3.1.tgz",
      "integrity": "sha512-4L4xC4GILclb6ly9xLjZodesl8I25vyd/YOt19oLtMftfrrcf9qd0Oz4MCN/9Go2+EFichkZwXWtoQiMS5XgQA=="
    },
    "classnames": {
      "version": "2.2.6",
      "resolved": "https://registry.npmjs.org/classnames/-/classnames-2.2.6.tgz",
      "integrity": "sha512-JR/iSQOSt+LQIWwrwEzJ9uk0xfN3mTVYMwt1Ir5mUcSN6pU+V4zQFFaJsclJbPuAUQH+yfWef6tm7l1quW3C8Q=="
    },
    "dom-align": {
      "version": "1.12.0",
      "resolved": "https://registry.npmjs.org/dom-align/-/dom-align-1.12.0.tgz",
      "integrity": "sha512-YkoezQuhp3SLFGdOlr5xkqZ640iXrnHAwVYcDg8ZKRUtO7mSzSC2BA5V0VuyAwPSJA4CLIc6EDDJh4bEsD2+zA=="
    },
    "exenv": {
      "version": "1.2.2",
      "resolved": "https://registry.npmjs.org/exenv/-/exenv-1.2.2.tgz",
      "integrity": "sha1-KueOhdmJQVhnCwPUe+wfA72Ru50="
    },
    "hoist-non-react-statics": {
      "version": "3.3.2",
      "resolved": "https://registry.npmjs.org/hoist-non-react-statics/-/hoist-non-react-statics-3.3.2.tgz",
      "integrity": "sha512-/gGivxi8JPKWNm/W0jSmzcMPpfpPLc3dY/6GxhX2hQ9iGj3aDfklV4ET7NjKpSinLpJ5vafa9iiGIEZg10SfBw==",
      "requires": {
        "react-is": "^16.7.0"
      }
    },
    "js-tokens": {
      "version": "4.0.0",
      "resolved": "https://registry.npmjs.org/js-tokens/-/js-tokens-4.0.0.tgz",
      "integrity": "sha512-RdJUflcE3cUzKiMqQgsCu06FPu9UdIJO0beYbPhHN4k6apgJtifcoCtT9bcxOpYBtpD2kCM6Sbzg4CausW/PKQ=="
    },
    "loose-envify": {
      "version": "1.4.0",
      "resolved": "https://registry.npmjs.org/loose-envify/-/loose-envify-1.4.0.tgz",
      "integrity": "sha512-lyuxPGr/Wfhrlem2CL/UcnUc1zcqKAImBDzukY7Y5F/yQiNdko6+fRLevlw1HgMySw7f611UIY408EtxRSoK3Q==",
      "requires": {
        "js-tokens": "^3.0.0 || ^4.0.0"
      }
    },
    "mini-store": {
      "version": "3.0.6",
      "resolved": "https://registry.npmjs.org/mini-store/-/mini-store-3.0.6.tgz",
      "integrity": "sha512-YzffKHbYsMQGUWQRKdsearR79QsMzzJcDDmZKlJBqt5JNkqpyJHYlK6gP61O36X+sLf76sO9G6mhKBe83gIZIQ==",
      "requires": {
        "hoist-non-react-statics": "^3.3.2",
        "shallowequal": "^1.0.2"
      }
    },
    "object-assign": {
      "version": "4.1.1",
      "resolved": "https://registry.npmjs.org/object-assign/-/object-assign-4.1.1.tgz",
      "integrity": "sha1-IQmtx5ZYh8/AXLvUQsrIv7s2CGM="
    },
    "omit.js": {
      "version": "2.0.2",
      "resolved": "https://registry.npmjs.org/omit.js/-/omit.js-2.0.2.tgz",
      "integrity": "sha512-hJmu9D+bNB40YpL9jYebQl4lsTW6yEHRTroJzNLqQJYHm7c+NQnJGfZmIWh8S3q3KoaxV1aLhV6B3+0N0/kyJg=="
    },
    "performance-now": {
      "version": "2.1.0",
      "resolved": "https://registry.npmjs.org/performance-now/-/performance-now-2.1.0.tgz",
      "integrity": "sha1-Ywn04OX6kT7BxpMHrjZLSzd8nns="
    },
    "prop-types": {
      "version": "15.7.2",
      "resolved": "https://registry.npmjs.org/prop-types/-/prop-types-15.7.2.tgz",
      "integrity": "sha512-8QQikdH7//R2vurIJSutZ1smHYTcLpRWEOlHnzcWHmBYrOGUysKwSsrC89BCiFj3CbrfJ/nXFdJepOVrY1GCHQ==",
      "requires": {
        "loose-envify": "^1.4.0",
        "object-assign": "^4.1.1",
        "react-is": "^16.8.1"
      }
    },
    "raf": {
      "version": "3.4.1",
      "resolved": "https://registry.npmjs.org/raf/-/raf-3.4.1.tgz",
      "integrity": "sha512-Sq4CW4QhwOHE8ucn6J34MqtZCeWFP2aQSmrlroYgqAV1PjStIhJXxYuTgUIfkEk7zTLjmIjLmU5q+fbD1NnOJA==",
      "requires": {
        "performance-now": "^2.1.0"
      }
    },
    "rc-align": {
      "version": "4.0.3",
      "resolved": "https://registry.npmjs.org/rc-align/-/rc-align-4.0.3.tgz",
      "integrity": "sha512-TpI0t1tvAo/wYdoZbZlkCK+MkQBqNuPyRZesfsji4tMlqoqQ0q0MhnC9JD5KGPitMvmSB+KWgFpaN2uTz4hw6Q==",
      "requires": {
        "@babel/runtime": "^7.10.1",
        "classnames": "2.x",
        "dom-align": "^1.7.0",
        "rc-util": "^5.0.1",
        "resize-observer-polyfill": "^1.5.1"
      }
    },
    "rc-dropdown": {
      "version": "3.1.2",
      "resolved": "https://registry.npmjs.org/rc-dropdown/-/rc-dropdown-3.1.2.tgz",
      "integrity": "sha512-s2W5jqvjTid5DxotGO5FlTBaQWeB+Bu7McQgjB8Ot3Wbl72AIKwLf11+lgbV4mA2vWC1H8DKyn6SW9TKLTi0xg==",
      "requires": {
        "@babel/runtime": "^7.10.1",
        "classnames": "^2.2.6",
        "rc-trigger": "^4.0.0"
      }
    },
    "rc-menu": {
      "version": "8.6.1",
      "resolved": "https://registry.npmjs.org/rc-menu/-/rc-menu-8.6.1.tgz",
      "integrity": "sha512-/PzdoOLmhjOi5RqXKrmUGbhKFzM22eZgL3HyYpa2fym1wUfEFXqp8U8b69mbGmY16+YzU7f15nYTxJkbTdgdTA==",
      "requires": {
        "@babel/runtime": "^7.10.1",
        "classnames": "2.x",
        "mini-store": "^3.0.1",
        "omit.js": "^2.0.0",
        "rc-motion": "^1.0.1",
        "rc-trigger": "^4.4.0",
        "rc-util": "^5.0.1",
        "resize-observer-polyfill": "^1.5.0",
        "shallowequal": "^1.1.0"
      }
    },
    "rc-motion": {
      "version": "1.1.2",
      "resolved": "https://registry.npmjs.org/rc-motion/-/rc-motion-1.1.2.tgz",
      "integrity": "sha512-YC/E7SSWKBFakYg4PENhSRWD4ZLDqkI7FKmutJcrMewZ91/ZIWfoZSDvPaBdKO0hsFrrzWepFhXQIq0FNnCMWA==",
      "requires": {
        "@babel/runtime": "^7.11.1",
        "classnames": "^2.2.1",
        "raf": "^3.4.1",
        "rc-util": "^5.0.6"
      }
    },
    "rc-resize-observer": {
      "version": "0.2.5",
      "resolved": "https://registry.npmjs.org/rc-resize-observer/-/rc-resize-observer-0.2.5.tgz",
      "integrity": "sha512-cc4sOI722MVoCkGf/ZZybDVsjxvnH0giyDdA7wBJLTiMSFJ0eyxBMnr0JLYoClxftjnr75Xzl/VUB3HDrAx04Q==",
      "requires": {
        "@babel/runtime": "^7.10.1",
        "classnames": "^2.2.1",
        "rc-util": "^5.0.0",
        "resize-observer-polyfill": "^1.5.1"
      }
    },
    "rc-tabs": {
      "version": "11.6.1",
      "resolved": "https://registry.npmjs.org/rc-tabs/-/rc-tabs-11.6.1.tgz",
      "integrity": "sha512-fJZUOmwBo2E4WTbucCSZO/N1ZK+d9K/QchgDeycTIqxl5D/xtX0Dw/vC2DFi140OFjAy2JL7H0EmsSeOFfCgzw==",
      "requires": {
        "@babel/runtime": "^7.10.1",
        "classnames": "2.x",
        "raf": "^3.4.1",
        "rc-dropdown": "^3.1.0",
        "rc-menu": "^8.2.1",
        "rc-resize-observer": "^0.2.1",
        "rc-trigger": "^4.2.1",
        "rc-util": "^5.0.0"
      }
    },
    "rc-tooltip": {
      "version": "4.2.2",
      "resolved": "https://registry.npmjs.org/rc-tooltip/-/rc-tooltip-4.2.2.tgz",
      "integrity": "sha512-mAs+gAngUyHVA6HdFXsELoJOHgfjAACLLc8SGtnVhovJdyqs5ZGSL9p5i+ApNaVpwjswqShw7L4DRtMl7cXCQg==",
      "requires": {
        "rc-trigger": "^4.2.1"
      }
    },
    "rc-trigger": {
      "version": "4.4.2",
      "resolved": "https://registry.npmjs.org/rc-trigger/-/rc-trigger-4.4.2.tgz",
      "integrity": "sha512-uw2/s7j1b/RXyixa4omPuxZWv/3ln+H+p0v3trIUBxseolbdj8TTFpXYjXMZdGtMpAEAIbN1yo/K+r7wRB+xtQ==",
      "requires": {
        "@babel/runtime": "^7.10.1",
        "classnames": "^2.2.6",
        "raf": "^3.4.1",
        "rc-align": "^4.0.0",
        "rc-motion": "^1.0.0",
        "rc-util": "^5.0.1"
      }
    },
    "rc-util": {
      "version": "5.2.1",
      "resolved": "https://registry.npmjs.org/rc-util/-/rc-util-5.2.1.tgz",
      "integrity": "sha512-OnIKp4DsYZpT3St9LwiGARXyMR38wNbk7C4jXS6NGAGHZEQWck7W6qfiJwj+MUmhJiUisAknU6BUs65exbhFTw==",
      "requires": {
        "react-is": "^16.12.0",
        "shallowequal": "^1.1.0"
      }
    },
    "react-is": {
      "version": "16.13.1",
      "resolved": "https://registry.npmjs.org/react-is/-/react-is-16.13.1.tgz",
      "integrity": "sha512-24e6ynE2H+OKt4kqsOvNd8kBpV65zoxbA4BVsEOB3ARVWQki/DHzaUoC5KuON/BiccDaCCTZBuOcfZs70kR8bQ=="
    },
    "react-lifecycles-compat": {
      "version": "3.0.4",
      "resolved": "https://registry.npmjs.org/react-lifecycles-compat/-/react-lifecycles-compat-3.0.4.tgz",
      "integrity": "sha512-fBASbA6LnOU9dOU2eW7aQ8xmYBSXUIWr+UmF9b1efZBazGNO+rcXT/icdKnYm2pTwcRylVUYwW7H1PHfLekVzA=="
    },
    "react-modal": {
      "version": "3.11.2",
      "resolved": "https://registry.npmjs.org/react-modal/-/react-modal-3.11.2.tgz",
      "integrity": "sha512-o8gvvCOFaG1T7W6JUvsYjRjMVToLZgLIsi5kdhFIQCtHxDkA47LznX62j+l6YQkpXDbvQegsDyxe/+JJsFQN7w==",
      "requires": {
        "exenv": "^1.2.0",
        "prop-types": "^15.5.10",
        "react-lifecycles-compat": "^3.0.0",
        "warning": "^4.0.3"
      }
    },
    "regenerator-runtime": {
      "version": "0.13.7",
      "resolved": "https://registry.npmjs.org/regenerator-runtime/-/regenerator-runtime-0.13.7.tgz",
      "integrity": "sha512-a54FxoJDIr27pgf7IgeQGxmqUNYrcV338lf/6gH456HZ/PhX+5BcwHXG9ajESmwe6WRO0tAzRUrRmNONWgkrew=="
    },
    "resize-observer-polyfill": {
      "version": "1.5.1",
      "resolved": "https://registry.npmjs.org/resize-observer-polyfill/-/resize-observer-polyfill-1.5.1.tgz",
      "integrity": "sha512-LwZrotdHOo12nQuZlHEmtuXdqGoOD0OhaxopaNFxWzInpEgaLWoVuAMbTzixuosCx2nEG58ngzW3vxdWoxIgdg=="
    },
    "shallowequal": {
      "version": "1.1.0",
      "resolved": "https://registry.npmjs.org/shallowequal/-/shallowequal-1.1.0.tgz",
      "integrity": "sha512-y0m1JoUZSlPAjXVtPPW70aZWfIL/dSP7AFkRnniLCrK/8MDKog3TySTBmckD+RObVxH0v4Tox67+F14PdED2oQ=="
    },
    "warning": {
      "version": "4.0.3",
      "resolved": "https://registry.npmjs.org/warning/-/warning-4.0.3.tgz",
      "integrity": "sha512-rpJyN222KWIvHJ/F53XSZv0Zl/accqHR8et1kpaMTD/fLCRxtV8iX8czMzY7sVZupTI3zcUTg8eycS2kNF9l6w==",
      "requires": {
        "loose-envify": "^1.0.0"
      }
    }
  }
}
